PODS:
  - AsyncDisplayKit (2.0.1):
    - AsyncDisplayKit/PINRemoteImage (= 2.0.1)
  - AsyncDisplayKit/Core (2.0.1)
  - AsyncDisplayKit/PINRemoteImage (2.0.1):
    - AsyncDisplayKit/Core
    - PINRemoteImage/iOS (= 3.0.0-beta.7)
    - PINRemoteImage/PINCache
  - ChameleonFramework (2.1.0):
    - ChameleonFramework/Default (= 2.1.0)
  - ChameleonFramework/Default (2.1.0)
  - GPUImage (0.1.7)
  - HexColors (2.2.1)
  - MJExtension (3.0.13)
  - MJRefresh (3.1.12)
  - PINCache (3.0.1-beta.2):
    - PINCache/Arc-exception-safe (= 3.0.1-beta.2)
    - PINCache/Core (= 3.0.1-beta.2)
  - PINCache/Arc-exception-safe (3.0.1-beta.2):
    - PINCache/Core
  - PINCache/Core (3.0.1-beta.2)
  - PINRemoteImage/Core (3.0.0-beta.7)
  - PINRemoteImage/iOS (3.0.0-beta.7):
    - PINRemoteImage/Core
  - PINRemoteImage/PINCache (3.0.0-beta.7):
    - PINCache (= 3.0.1-beta.2)
    - PINRemoteImage/Core
  - pop (1.0.9)
  - ReactiveCocoa (2.5):
    - ReactiveCocoa/UI (= 2.5)
  - ReactiveCocoa/Core (2.5):
    - ReactiveCocoa/no-arc
  - ReactiveCocoa/no-arc (2.5)
  - ReactiveCocoa/UI (2.5):
    - ReactiveCocoa/Core
  - Shimmer (1.0.2)
  - TSMessages (0.9.12):
    - HexColors (~> 2.2.0)

DEPENDENCIES:
  - AsyncDisplayKit (>= 2.0)
  - ChameleonFramework
  - GPUImage
  - MJExtension
  - MJRefresh
  - pop (~> 1.0)
  - ReactiveCocoa (~> 2.3)
  - Shimmer
  - TSMessages

SPEC CHECKSUMS:
  AsyncDisplayKit: 6c5a21d9ab30f3f48e877a67d44e3e19c1724f91
  ChameleonFramework: d21a3cc247abfe5e37609a283a8238b03575cf64
  GPUImage: 733a5f0fab92df9de1c37ba9df520a833ccb406d
  HexColors: abfd172e329dab59888614ccba6f216cec59289d
  MJExtension: 5932755f451458eefa24239358817f8d291240c7
  MJRefresh: b96cdb21c4aa75a7b07654311ab2f315c497e806
  PINCache: 6d273a6e0754bd26e3f12a38a90dde73cc6a42b2
  PINRemoteImage: ff63baf185088530db6cfa41cb665e2b5126b5c3
  pop: f667631a5108a2e60d9e8797c9b32ddaf2080bce
  ReactiveCocoa: e2db045570aa97c695e7aa97c2bcab222ae51f4a
  Shimmer: c5374be1c2b0c9e292fb05b339a513cf291cac86
  TSMessages: c8cc7b80f2a833af533872cd02010cac061532cc

PODFILE CHECKSUM: 67438638cc92037352e69db0518154717d0157b0

COCOAPODS: 1.1.1
